// !$*UTF8*$!
{
	archiveVersion = 1;
	classes = {
	};
	objectVersion = 46;
	objects = {

/* Begin PBXBuildFile section */
		B69E71B61AB0F71200C862F7 /* main.m in Sources */ = {isa = PBXBuildFile; fileRef = B69E71B51AB0F71200C862F7 /* main.m */; };
		B69E71B91AB0F71200C862F7 /* AppDelegate.m in Sources */ = {isa = PBXBuildFile; fileRef = B69E71B81AB0F71200C862F7 /* AppDelegate.m */; };
		B69E71BC1AB0F71200C862F7 /* ViewController.m in Sources */ = {isa = PBXBuildFile; fileRef = B69E71BB1AB0F71200C862F7 /* ViewController.m */; };
		B69E71BF1AB0F71200C862F7 /* Main.storyboard in Resources */ = {isa = PBXBuildFile; fileRef = B69E71BD1AB0F71200C862F7 /* Main.storyboard */; };
		B69E71C11AB0F71200C862F7 /* Images.xcassets in Resources */ = {isa = PBXBuildFile; fileRef = B69E71C01AB0F71200C862F7 /* Images.xcassets */; };
		B69E71C41AB0F71200C862F7 /* LaunchScreen.xib in Resources */ = {isa = PBXBuildFile; fileRef = B69E71C21AB0F71200C862F7 /* LaunchScreen.xib */; };
		B69E71D01AB0F71200C862F7 /* VideoEncoderTests.m in Sources */ = {isa = PBXBuildFile; fileRef = B69E71CF1AB0F71200C862F7 /* VideoEncoderTests.m */; };
/* End PBXBuildFile section */

/* Begin PBXContainerItemProxy section */
		B69E71CA1AB0F71200C862F7 /* PBXContainerItemProxy */ = {
			isa = PBXContainerItemProxy;
			containerPortal = B69E71A81AB0F71100C862F7 /* Project object */;
			proxyType = 1;
			remoteGlobalIDString = B69E71AF1AB0F71200C862F7;
			remoteInfo = VideoEncoder;
		};
/* End PBXContainerItemProxy section */

/* Begin PBXFileReference section */
		B69E71B01AB0F71200C862F7 /* VideoEncoder.app */ = {isa = PBXFileReference; explicitFileType = wrapper.application; includeInIndex = 0; path = VideoEncoder.app; sourceTree = BUILT_PRODUCTS_DIR; };
		B69E71B41AB0F71200C862F7 /* Info.plist */ = {isa = PBXFileReference; lastKnownFileType = text.plist.xml; path = Info.plist; sourceTree = "<group>"; };
		B69E71B51AB0F71200C862F7 /* main.m */ = {isa = PBXFileReference; lastKnownFileType = sourcecode.c.objc; path = main.m; sourceTree = "<group>"; };
		B69E71B71AB0F71200C862F7 /* AppDelegate.h */ = {isa = PBXFileReference; lastKnownFileType = sourcecode.c.h; path = AppDelegate.h; sourceTree = "<group>"; };
		B69E71B81AB0F71200C862F7 /* AppDelegate.m */ = {isa = PBXFileReference; lastKnownFileType = sourcecode.c.objc; path = AppDelegate.m; sourceTree = "<group>"; };
		B69E71BA1AB0F71200C862F7 /* ViewController.h */ = {isa = PBXFileReference; lastKnownFileType = sourcecode.c.h; path = ViewController.h; sourceTree = "<group>"; };
		B69E71BB1AB0F71200C862F7 /* ViewController.m */ = {isa = PBXFileReference; lastKnownFileType = sourcecode.c.objc; path = ViewController.m; sourceTree = "<group>"; };
		B69E71BE1AB0F71200C862F7 /* Base */ = {isa = PBXFileReference; lastKnownFileType = file.storyboard; name = Base; path = Base.lproj/Main.storyboard; sourceTree = "<group>"; };
		B69E71C01AB0F71200C862F7 /* Images.xcassets */ = {isa = PBXFileReference; lastKnownFileType = folder.assetcatalog; path = Images.xcassets; sourceTree = "<group>"; };
		B69E71C31AB0F71200C862F7 /* Base */ = {isa = PBXFileReference; lastKnownFileType = file.xib; name = Base; path = Base.lproj/LaunchScreen.xib; sourceTree = "<group>"; };
		B69E71C91AB0F71200C862F7 /* VideoEncoderTests.xctest */ = {isa = PBXFileReference; explicitFileType = wrapper.cfbundle; includeInIndex = 0; path = VideoEncoderTests.xctest; sourceTree = BUILT_PRODUCTS_DIR; };
		B69E71CE1AB0F71200C862F7 /* Info.plist */ = {isa = PBXFileReference; lastKnownFileType = text.plist.xml; path = Info.plist; sourceTree = "<group>"; };
		B69E71CF1AB0F71200C862F7 /* VideoEncoderTests.m */ = {isa = PBXFileReference; lastKnownFileType = sourcecode.c.objc; path = VideoEncoderTests.m; sourceTree = "<group>"; };
/* End PBXFileReference section */

/* Begin PBXFrameworksBuildPhase section */
		B69E71AD1AB0F71200C862F7 /* Frameworks */ = {
			isa = PBXFrameworksBuildPhase;
			buildActionMask = 2147483647;
			files = (
			);
			runOnlyForDeploymentPostprocessing = 0;
		};
		B69E71C61AB0F71200C862F7 /* Frameworks */ = {
			isa = PBXFrameworksBuildPhase;
			buildActionMask = 2147483647;
			files = (
			);
			runOnlyForDeploymentPostprocessing = 0;
		};
/* End PBXFrameworksBuildPhase section */

/* Begin PBXGroup section */
		B69E71A71AB0F71100C862F7 = {
			isa = PBXGroup;
			children = (
				B69E71B21AB0F71200C862F7 /* VideoEncoder */,
				B69E71CC1AB0F71200C862F7 /* VideoEncoderTests */,
				B69E71B11AB0F71200C862F7 /* Products */,
			);
			sourceTree = "<group>";
		};
		B69E71B11AB0F71200C862F7 /* Products */ = {
			isa = PBXGroup;
			children = (
				B69E71B01AB0F71200C862F7 /* VideoEncoder.app */,
				B69E71C91AB0F71200C862F7 /* VideoEncoderTests.xctest */,
			);
			name = Products;
			sourceTree = "<group>";
		};
		B69E71B21AB0F71200C862F7 /* VideoEncoder */ = {
			isa = PBXGroup;
			children = (
				B69E71B71AB0F71200C862F7 /* AppDelegate.h */,
				B69E71B81AB0F71200C862F7 /* AppDelegate.m */,
				B69E71BA1AB0F71200C862F7 /* ViewController.h */,
				B69E71BB1AB0F71200C862F7 /* ViewController.m */,
				B69E71BD1AB0F71200C862F7 /* Main.storyboard */,
				B69E71C01AB0F71200C862F7 /* Images.xcassets */,
				B69E71C21AB0F71200C862F7 /* LaunchScreen.xib */,
				B69E71B31AB0F71200C862F7 /* Supporting Files */,
			);
			path = VideoEncoder;
			sourceTree = "<group>";
		};
		B69E71B31AB0F71200C862F7 /* Supporting Files */ = {
			isa = PBXGroup;
			children = (
				B69E71B41AB0F71200C862F7 /* Info.plist */,
				B69E71B51AB0F71200C862F7 /* main.m */,
			);
			name = "Supporting Files";
			sourceTree = "<group>";
		};
		B69E71CC1AB0F71200C862F7 /* VideoEncoderTests */ = {
			isa = PBXGroup;
			children = (
				B69E71CF1AB0F71200C862F7 /* VideoEncoderTests.m */,
				B69E71CD1AB0F71200C862F7 /* Supporting Files */,
			);
			path = VideoEncoderTests;
			sourceTree = "<group>";
		};
		B69E71CD1AB0F71200C862F7 /* Supporting Files */ = {
			isa = PBXGroup;
			children = (
				B69E71CE1AB0F71200C862F7 /* Info.plist */,
			);
			name = "Supporting Files";
			sourceTree = "<group>";
		};
/* End PBXGroup section */

/* Begin PBXNativeTarget section */
		B69E71AF1AB0F71200C862F7 /* VideoEncoder */ = {
			isa = PBXNativeTarget;
			buildConfigurationList = B69E71D31AB0F71200C862F7 /* Build configuration list for PBXNativeTarget "VideoEncoder" */;
			buildPhases = (
				B69E71AC1AB0F71200C862F7 /* Sources */,
				B69E71AD1AB0F71200C862F7 /* Frameworks */,
				B69E71AE1AB0F71200C862F7 /* Resources */,
			);
			buildRules = (
			);
			dependencies = (
			);
			name = VideoEncoder;
			productName = VideoEncoder;
			productReference = B69E71B01AB0F71200C862F7 /* VideoEncoder.app */;
			productType = "com.apple.product-type.application";
		};
		B69E71C81AB0F71200C862F7 /* VideoEncoderTests */ = {
			isa = PBXNativeTarget;
			buildConfigurationList = B69E71D61AB0F71200C862F7 /* Build configuration list for PBXNativeTarget "VideoEncoderTests" */;
			buildPhases = (
				B69E71C51AB0F71200C862F7 /* Sources */,
				B69E71C61AB0F71200C862F7 /* Frameworks */,
				B69E71C71AB0F71200C862F7 /* Resources */,
			);
			buildRules = (
			);
			dependencies = (
				B69E71CB1AB0F71200C862F7 /* PBXTargetDependency */,
			);
			name = VideoEncoderTests;
			productName = VideoEncoderTests;
			productReference = B69E71C91AB0F71200C862F7 /* VideoEncoderTests.xctest */;
			productType = "com.apple.product-type.bundle.unit-test";
		};
/* End PBXNativeTarget section */

/* Begin PBXProject section */
		B69E71A81AB0F71100C862F7 /* Project object */ = {
			isa = PBXProject;
			attributes = {
				LastUpgradeCheck = 0610;
				ORGANIZATIONNAME = Binocracy;
				TargetAttributes = {
					B69E71AF1AB0F71200C862F7 = {
						CreatedOnToolsVersion = 6.1.1;
					};
					B69E71C81AB0F71200C862F7 = {
						CreatedOnToolsVersion = 6.1.1;
						TestTargetID = B69E71AF1AB0F71200C862F7;
					};
				};
			};
			buildConfigurationList = B69E71AB1AB0F71100C862F7 /* Build configuration list for PBXProject "VideoEncoder" */;
			compatibilityVersion = "Xcode 3.2";
			developmentRegion = English;
			hasScannedForEncodings = 0;
			knownRegions = (
				en,
				Base,
			);
			mainGroup = B69E71A71AB0F71100C862F7;
			productRefGroup = B69E71B11AB0F71200C862F7 /* Products */;
			projectDirPath = "";
			projectRoot = "";
			targets = (
				B69E71AF1AB0F71200C862F7 /* VideoEncoder */,
				B69E71C81AB0F71200C862F7 /* VideoEncoderTests */,
			);
		};
/* End PBXProject section */

/* Begin PBXResourcesBuildPhase section */
		B69E71AE1AB0F71200C862F7 /* Resources */ = {
			isa = PBXResourcesBuildPhase;
			buildActionMask = 2147483647;
			files = (
				B69E71BF1AB0F71200C862F7 /* Main.storyboard in Resources */,
				B69E71C41AB0F71200C862F7 /* LaunchScreen.xib in Resources */,
				B69E71C11AB0F71200C862F7 /* Images.xcassets in Resources */,
			);
			runOnlyForDeploymentPostprocessing = 0;
		};
		B69E71C71AB0F71200C862F7 /* Resources */ = {
			isa = PBXResourcesBuildPhase;
			buildActionMask = 2147483647;
			files = (
			);
			runOnlyForDeploymentPostprocessing = 0;
		};
/* End PBXResourcesBuildPhase section */

/* Begin PBXSourcesBuildPhase section */
		B69E71AC1AB0F71200C862F7 /* Sources */ = {
			isa = PBXSourcesBuildPhase;
			buildActionMask = 2147483647;
			files = (
				B69E71BC1AB0F71200C862F7 /* ViewController.m in Sources */,
				B69E71B91AB0F71200C862F7 /* AppDelegate.m in Sources */,
				B69E71B61AB0F71200C862F7 /* main.m in Sources */,
			);
			runOnlyForDeploymentPostprocessing = 0;
		};
		B69E71C51AB0F71200C862F7 /* Sources */ = {
			isa = PBXSourcesBuildPhase;
			buildActionMask = 2147483647;
			files = (
				B69E71D01AB0F71200C862F7 /* VideoEncoderTests.m in Sources */,
			);
			runOnlyForDeploymentPostprocessing = 0;
		};
/* End PBXSourcesBuildPhase section */

/* Begin PBXTargetDependency section */
		B69E71CB1AB0F71200C862F7 /* PBXTargetDependency */ = {
			isa = PBXTargetDependency;
			target = B69E71AF1AB0F71200C862F7 /* VideoEncoder */;
			targetProxy = B69E71CA1AB0F71200C862F7 /* PBXContainerItemProxy */;
		};
/* End PBXTargetDependency section */

/* Begin PBXVariantGroup section */
		B69E71BD1AB0F71200C862F7 /* Main.storyboard */ = {
			isa = PBXVariantGroup;
			children = (
				B69E71BE1AB0F71200C862F7 /* Base */,
			);
			name = Main.storyboard;
			sourceTree = "<group>";
		};
		B69E71C21AB0F71200C862F7 /* LaunchScreen.xib */ = {
			isa = PBXVariantGroup;
			children = (
				B69E71C31AB0F71200C862F7 /* Base */,
			);
			name = LaunchScreen.xib;
			sourceTree = "<group>";
		};
/* End PBXVariantGroup section */

/* Begin XCBuildConfiguration section */
		B69E71D11AB0F71200C862F7 /* Debug */ = {
			isa = XCBuildConfiguration;
			buildSettings = {
				ALWAYS_SEARCH_USER_PATHS = NO;
				CLANG_CXX_LANGUAGE_STANDARD = "gnu++0x";
				CLANG_CXX_LIBRARY = "libc++";
				CLANG_ENABLE_MODULES = YES;
				CLANG_ENABLE_OBJC_ARC = YES;
				CLANG_WARN_BOOL_CONVERSION = YES;
				CLANG_WARN_CONSTANT_CONVERSION = YES;
				CLANG_WARN_DIRECT_OBJC_ISA_USAGE = YES_ERROR;
				CLANG_WARN_EMPTY_BODY = YES;
				CLANG_WARN_ENUM_CONVERSION = YES;
				CLANG_WARN_INT_CONVERSION = YES;
				CLANG_WARN_OBJC_ROOT_CLASS = YES_ERROR;
				CLANG_WARN_UNREACHABLE_CODE = YES;
				CLANG_WARN__DUPLICATE_METHOD_MATCH = YES;
				"CODE_SIGN_IDENTITY[sdk=iphoneos*]" = "iPhone Developer";
				COPY_PHASE_STRIP = NO;
				ENABLE_STRICT_OBJC_MSGSEND = YES;
				GCC_C_LANGUAGE_STANDARD = gnu99;
				GCC_DYNAMIC_NO_PIC = NO;
				GCC_OPTIMIZATION_LEVEL = 0;
				GCC_PREPROCESSOR_DEFINITIONS = (
					"DEBUG=1",
					"$(inherited)",
				);
				GCC_SYMBOLS_PRIVATE_EXTERN = NO;
				GCC_WARN_64_TO_32_BIT_CONVERSION = YES;
				GCC_WARN_ABOUT_RETURN_TYPE = YES_ERROR;
				GCC_WARN_UNDECLARED_SELECTOR = YES;
				GCC_WARN_UNINITIALIZED_AUTOS = YES_AGGRESSIVE;
				GCC_WARN_UNUSED_FUNCTION = YES;
				GCC_WARN_UNUSED_VARIABLE = YES;
				IPHONEOS_DEPLOYMENT_TARGET = 8.1;
				MTL_ENABLE_DEBUG_INFO = YES;
				ONLY_ACTIVE_ARCH = YES;
				SDKROOT = iphoneos;
			};
			name = Debug;
		};
		B69E71D21AB0F71200C862F7 /* Release */ = {
			isa = XCBuildConfiguration;
			buildSettings = {
				ALWAYS_SEARCH_USER_PATHS = NO;
				CLANG_CXX_LANGUAGE_STANDARD = "gnu++0x";
				CLANG_CXX_LIBRARY = "libc++";
				CLANG_ENABLE_MODULES = YES;
				CLANG_ENABLE_OBJC_ARC = YES;
				CLANG_WARN_BOOL_CONVERSION = YES;
				CLANG_WARN_CONSTANT_CONVERSION = YES;
				CLANG_WARN_DIRECT_OBJC_ISA_USAGE = YES_ERROR;
				CLANG_WARN_EMPTY_BODY = YES;
				CLANG_WARN_ENUM_CONVERSION = YES;
				CLANG_WARN_INT_CONVERSION = YES;
				CLANG_WARN_OBJC_ROOT_CLASS = YES_ERROR;
				CLANG_WARN_UNREACHABLE_CODE = YES;
				CLANG_WARN__DUPLICATE_METHOD_MATCH = YES;
				"CODE_SIGN_IDENTITY[sdk=iphoneos*]" = "iPhone Developer";
				COPY_PHASE_STRIP = YES;
				ENABLE_NS_ASSERTIONS = NO;
				ENABLE_STRICT_OBJC_MSGSEND = YES;
				GCC_C_LANGUAGE_STANDARD = gnu99;
				GCC_WARN_64_TO_32_BIT_CONVERSION = YES;
				GCC_WARN_ABOUT_RETURN_TYPE = YES_ERROR;
				GCC_WARN_UNDECLARED_SELECTOR = YES;
				GCC_WARN_UNINITIALIZED_AUTOS = YES_AGGRESSIVE;
				GCC_WARN_UNUSED_FUNCTION = YES;
				GCC_WARN_UNUSED_VARIABLE = YES;
				IPHONEOS_DEPLOYMENT_TARGET = 8.1;
				MTL_ENABLE_DEBUG_INFO = NO;
				SDKROOT = iphoneos;
				VALIDATE_PRODUCT = YES;
			};
			name = Release;
		};
		B69E71D41AB0F71200C862F7 /* Debug */ = {
			isa = XCBuildConfiguration;
			buildSettings = {
				ASSETCATALOG_COMPILER_APPICON_NAME = AppIcon;
				INFOPLIST_FILE = VideoEncoder/Info.plist;
				LD_RUNPATH_SEARCH_PATHS = "$(inherited) @executable_path/Frameworks";
				PRODUCT_NAME = "$(TARGET_NAME)";
			};
			name = Debug;
		};
		B69E71D51AB0F71200C862F7 /* Release */ = {
			isa = XCBuildConfiguration;
			buildSettings = {
				ASSETCATALOG_COMPILER_APPICON_NAME = AppIcon;
				INFOPLIST_FILE = VideoEncoder/Info.plist;
				LD_RUNPATH_SEARCH_PATHS = "$(inherited) @executable_path/Frameworks";
				PRODUCT_NAME = "$(TARGET_NAME)";
			};
			name = Release;
		};
		B69E71D71AB0F71200C862F7 /* Debug */ = {
			isa = XCBuildConfiguration;
			buildSettings = {
				BUNDLE_LOADER = "$(TEST_HOST)";
				FRAMEWORK_SEARCH_PATHS = (
					"$(SDKROOT)/Developer/Library/Frameworks",
					"$(inherited)",
				);
				GCC_PREPROCESSOR_DEFINITIONS = (
					"DEBUG=1",
					"$(inherited)",
				);
				INFOPLIST_FILE = VideoEncoderTests/Info.plist;
				LD_RUNPATH_SEARCH_PATHS = "$(inherited) @executable_path/Frameworks @loader_path/Frameworks";
				PRODUCT_NAME = "$(TARGET_NAME)";
				TEST_HOST = "$(BUILT_PRODUCTS_DIR)/VideoEncoder.app/VideoEncoder";
			};
			name = Debug;
		};
		B69E71D81AB0F71200C862F7 /* Release */ = {
			isa = XCBuildConfiguration;
			buildSettings = {
				BUNDLE_LOADER = "$(TEST_HOST)";
				FRAMEWORK_SEARCH_PATHS = (
					"$(SDKROOT)/Developer/Library/Frameworks",
					"$(inherited)",
				);
				INFOPLIST_FILE = VideoEncoderTests/Info.plist;
				LD_RUNPATH_SEARCH_PATHS = "$(inherited) @executable_path/Frameworks @loader_path/Frameworks";
				PRODUCT_NAME = "$(TARGET_NAME)";
				TEST_HOST = "$(BUILT_PRODUCTS_DIR)/VideoEncoder.app/VideoEncoder";
			};
			name = Release;
		};
/* End XCBuildConfiguration section */

/* Begin XCConfigurationList section */
		B69E71AB1AB0F71100C862F7 /* Build configuration list for PBXProject "VideoEncoder" */ = {
			isa = XCConfigurationList;
			buildConfigurations = (
				B69E71D11AB0F71200C862F7 /* Debug */,
				B69E71D21AB0F71200C862F7 /* Release */,
			);
			defaultConfigurationIsVisible = 0;
			defaultConfigurationName = Release;
		};
		B69E71D31AB0F71200C862F7 /* Build configuration list for PBXNativeTarget "VideoEncoder" */ = {
			isa = XCConfigurationList;
			buildConfigurations = (
				B69E71D41AB0F71200C862F7 /* Debug */,
				B69E71D51AB0F71200C862F7 /* Release */,
			);
			defaultConfigurationIsVisible = 0;
		};
		B69E71D61AB0F71200C862F7 /* Build configuration list for PBXNativeTarget "VideoEncoderTests" */ = {
			isa = XCConfigurationList;
			buildConfigurations = (
				B69E71D71AB0F71200C862F7 /* Debug */,
				B69E71D81AB0F71200C862F7 /* Release */,
			);
			defaultConfigurationIsVisible = 0;
		};
/* End XCConfigurationList section */
	};
	rootObject = B69E71A81AB0F71100C862F7 /* Project object */;
}
